
Microsoft Visual Studio Solution File, Format Version 12.00
# Visual Studio Version 16
VisualStudioVersion = 16.0.32228.343
MinimumVisualStudioVersion = 10.0.40219.1
Project("{FAE04EC0-301F-11D3-BF4B-00C04F79EFBC}") = "13Aprel", "13Aprel\13Aprel.csproj", "{B4A66FE0-B1B5-46FF-8031-5CEE53108243}"
EndProject
Project("{FAE04EC0-301F-11D3-BF4B-00C04F79EFBC}") = "ClassLibrary", "ClassLibrary\ClassLibrary.csproj", "{8B70CE99-0CF6-484F-8F89-1041A0BFB986}"
EndProject
Global
	GlobalSection(SolutionConfigurationPlatforms) = preSolution
		Debug|Any CPU = Debug|Any CPU
		Release|Any CPU = Release|Any CPU
	EndGlobalSection
	GlobalSection(ProjectConfigurationPlatforms) = postSolution
		{B4A66FE0-B1B5-46FF-8031-5CEE53108243}.Debug|Any CPU.ActiveCfg = Debug|Any CPU
		{B4A66FE0-B1B5-46FF-8031-5CEE53108243}.Debug|Any CPU.Build.0 = Debug|Any CPU
		{B4A66FE0-B1B5-46FF-8031-5CEE53108243}.Release|Any CPU.ActiveCfg = Release|Any CPU
		{B4A66FE0-B1B5-46FF-8031-5CEE53108243}.Release|Any CPU.Build.0 = Release|Any CPU
		{8B70CE99-0CF6-484F-8F89-1041A0BFB986}.Debug|Any CPU.ActiveCfg = Debug|Any CPU
		{8B70CE99-0CF6-484F-8F89-1041A0BFB986}.Debug|Any CPU.Build.0 = Debug|Any CPU
		{8B70CE99-0CF6-484F-8F89-1041A0BFB986}.Release|Any CPU.ActiveCfg = Release|Any CPU
		{8B70CE99-0CF6-484F-8F89-1041A0BFB986}.Release|Any CPU.Build.0 = Release|Any CPU
	EndGlobalSection
	GlobalSection(SolutionProperties) = preSolution
		HideSolutionNode = FALSE
	EndGlobalSection
	GlobalSection(ExtensibilityGlobals) = postSolution
		SolutionGuid = {B77BDA2A-517A-4AF5-8B28-AC7B89F7401A}
	EndGlobalSection
EndGlobal
